# This file is automatically @generated by Poetry 1.4.2 and should not be changed by hand.

[[package]]
name = "arrow"
version = "1.2.3"
description = "Better dates & times for Python"
category = "main"
optional = false
python-versions = ">=3.6"
files = [
    {file = "arrow-1.2.3-py3-none-any.whl", hash = "sha256:5a49ab92e3b7b71d96cd6bfcc4df14efefc9dfa96ea19045815914a6ab6b1fe2"},
    {file = "arrow-1.2.3.tar.gz", hash = "sha256:3934b30ca1b9f292376d9db15b19446088d12ec58629bc3f0da28fd55fb633a1"},
]

[package.dependencies]
python-dateutil = ">=2.7.0"

[[package]]
name = "colorama"
version = "0.4.6"
description = "Cross-platform colored terminal text."
category = "main"
optional = false
python-versions = "!=3.0.*,!=3.1.*,!=3.2.*,!=3.3.*,!=3.4.*,!=3.5.*,!=3.6.*,>=2.7"
files = [
    {file = "colorama-0.4.6-py2.py3-none-any.whl", hash = "sha256:4f1d9991f5acc0ca119f9d443620b77f9d6b33703e51011c16baf57afb285fc6"},
    {file = "colorama-0.4.6.tar.gz", hash = "sha256:08695f5cb7ed6e0531a20572697297273c47b8cae5a63ffc6d6ed5c201be6e44"},
]

[[package]]
name = "inform"
version = "1.28"
description = "print & logging utilities for communicating with user"
category = "main"
optional = false
python-versions = ">=3.6"
files = [
    {file = "inform-1.28-py3-none-any.whl", hash = "sha256:8d87823817d5be4a0acd8dcce7b1f4a50f8a165f1e95de3e8de3c2a425613893"},
    {file = "inform-1.28.tar.gz", hash = "sha256:b80f9e8873731f0bcd9734ed9124d79dda8b9748c7e3e17c6f70b02cd4390bd2"},
]

[package.dependencies]
arrow = "*"
six = "*"

[package.extras]
test = ["pylama", "pytest", "pytest-cov", "tox"]

[[package]]
name = "loguru"
version = "0.6.0"
description = "Python logging made (stupidly) simple"
category = "main"
optional = false
python-versions = ">=3.5"
files = [
    {file = "loguru-0.6.0-py3-none-any.whl", hash = "sha256:4e2414d534a2ab57573365b3e6d0234dfb1d84b68b7f3b948e6fb743860a77c3"},
    {file = "loguru-0.6.0.tar.gz", hash = "sha256:066bd06758d0a513e9836fd9c6b5a75bfb3fd36841f4b996bc60b547a309d41c"},
]

[package.dependencies]
colorama = {version = ">=0.3.4", markers = "sys_platform == \"win32\""}
win32-setctime = {version = ">=1.0.0", markers = "sys_platform == \"win32\""}

[package.extras]
dev = ["Sphinx (>=4.1.1)", "black (>=19.10b0)", "colorama (>=0.3.4)", "docutils (==0.16)", "flake8 (>=3.7.7)", "isort (>=5.1.1)", "pytest (>=4.6.2)", "pytest-cov (>=2.7.1)", "sphinx-autobuild (>=0.7.1)", "sphinx-rtd-theme (>=0.4.3)", "tox (>=3.9.0)"]

[[package]]
name = "mslex"
version = "0.3.0"
description = "shlex for windows"
category = "dev"
optional = false
python-versions = ">=3.5"
files = [
    {file = "mslex-0.3.0-py2.py3-none-any.whl", hash = "sha256:380cb14abf8fabf40e56df5c8b21a6d533dc5cbdcfe42406bbf08dda8f42e42a"},
    {file = "mslex-0.3.0.tar.gz", hash = "sha256:4a1ac3f25025cad78ad2fe499dd16d42759f7a3801645399cce5c404415daa97"},
]

[[package]]
name = "nestedtext"
version = "3.5"
description = "human readable and writable data interchange format"
category = "main"
optional = false
python-versions = ">=3.6"
files = [
    {file = "nestedtext-3.5-py3-none-any.whl", hash = "sha256:fcb1eb868963221c0f93fc9c4d690e7394df92509b31df0cff4c277558586bda"},
    {file = "nestedtext-3.5.tar.gz", hash = "sha256:9beced9cb39e5e0d05148393f5279b0e1cc4868a8bb11800dc03dd07a5e2c3d7"},
]

[package.dependencies]
inform = ">=1.25"

[[package]]
name = "psutil"
version = "5.9.5"
description = "Cross-platform lib for process and system monitoring in Python."
category = "dev"
optional = false
python-versions = ">=2.7, !=3.0.*, !=3.1.*, !=3.2.*, !=3.3.*"
files = [
    {file = "psutil-5.9.5-cp27-cp27m-macosx_10_9_x86_64.whl", hash = "sha256:be8929ce4313f9f8146caad4272f6abb8bf99fc6cf59344a3167ecd74f4f203f"},
    {file = "psutil-5.9.5-cp27-cp27m-manylinux2010_i686.whl", hash = "sha256:ab8ed1a1d77c95453db1ae00a3f9c50227ebd955437bcf2a574ba8adbf6a74d5"},
    {file = "psutil-5.9.5-cp27-cp27m-manylinux2010_x86_64.whl", hash = "sha256:4aef137f3345082a3d3232187aeb4ac4ef959ba3d7c10c33dd73763fbc063da4"},
    {file = "psutil-5.9.5-cp27-cp27mu-manylinux2010_i686.whl", hash = "sha256:ea8518d152174e1249c4f2a1c89e3e6065941df2fa13a1ab45327716a23c2b48"},
    {file = "psutil-5.9.5-cp27-cp27mu-manylinux2010_x86_64.whl", hash = "sha256:acf2aef9391710afded549ff602b5887d7a2349831ae4c26be7c807c0a39fac4"},
    {file = "psutil-5.9.5-cp27-none-win32.whl", hash = "sha256:5b9b8cb93f507e8dbaf22af6a2fd0ccbe8244bf30b1baad6b3954e935157ae3f"},
    {file = "psutil-5.9.5-cp27-none-win_amd64.whl", hash = "sha256:8c5f7c5a052d1d567db4ddd231a9d27a74e8e4a9c3f44b1032762bd7b9fdcd42"},
    {file = "psutil-5.9.5-cp36-abi3-macosx_10_9_x86_64.whl", hash = "sha256:3c6f686f4225553615612f6d9bc21f1c0e305f75d7d8454f9b46e901778e7217"},
    {file = "psutil-5.9.5-cp36-abi3-manylinux_2_12_i686.manylinux2010_i686.manylinux_2_17_i686.manylinux2014_i686.whl", hash = "sha256:7a7dd9997128a0d928ed4fb2c2d57e5102bb6089027939f3b722f3a210f9a8da"},
    {file = "psutil-5.9.5-cp36-abi3-manylinux_2_12_x86_64.manylinux2010_x86_64.manylinux_2_17_x86_64.manylinux2014_x86_64.whl", hash = "sha256:89518112647f1276b03ca97b65cc7f64ca587b1eb0278383017c2a0dcc26cbe4"},
    {file = "psutil-5.9.5-cp36-abi3-win32.whl", hash = "sha256:104a5cc0e31baa2bcf67900be36acde157756b9c44017b86b2c049f11957887d"},
    {file = "psutil-5.9.5-cp36-abi3-win_amd64.whl", hash = "sha256:b258c0c1c9d145a1d5ceffab1134441c4c5113b2417fafff7315a917a026c3c9"},
    {file = "psutil-5.9.5-cp38-abi3-macosx_11_0_arm64.whl", hash = "sha256:c607bb3b57dc779d55e1554846352b4e358c10fff3abf3514a7a6601beebdb30"},
    {file = "psutil-5.9.5.tar.gz", hash = "sha256:5410638e4df39c54d957fc51ce03048acd8e6d60abc0f5107af51e5fb566eb3c"},
]

[package.extras]
test = ["enum34", "ipaddress", "mock", "pywin32", "wmi"]

[[package]]
name = "pycairo"
version = "1.23.0"
description = "Python interface for cairo"
category = "main"
optional = false
python-versions = ">=3.7"
files = [
    {file = "pycairo-1.23.0-cp310-cp310-win32.whl", hash = "sha256:564601e5f528531c6caec1c0177c3d0709081e1a2a5cccc13561f715080ae535"},
    {file = "pycairo-1.23.0-cp310-cp310-win_amd64.whl", hash = "sha256:e7cde633986435d87a86b6118b7b6109c384266fd719ef959883e2729f6eafae"},
    {file = "pycairo-1.23.0-cp311-cp311-win32.whl", hash = "sha256:3a71f758e461180d241e62ef52e85499c843bd2660fd6d87cec99c9833792bfa"},
    {file = "pycairo-1.23.0-cp311-cp311-win_amd64.whl", hash = "sha256:2dec5378133778961993fb59d66df16070e03f4d491b67eb695ca9ad7a696008"},
    {file = "pycairo-1.23.0-cp37-cp37m-win32.whl", hash = "sha256:d6bacff15d688ed135b4567965a4b664d9fb8de7417a7865bb138ad612043c9f"},
    {file = "pycairo-1.23.0-cp37-cp37m-win_amd64.whl", hash = "sha256:ec305fc7f2f0299df78aadec0eaf6eb9accb90eda242b5d3492544d3f2b28027"},
    {file = "pycairo-1.23.0-cp38-cp38-win32.whl", hash = "sha256:1a6d8e0f353062ad92954784e33dbbaf66c880c9c30e947996c542ed9748aaaf"},
    {file = "pycairo-1.23.0-cp38-cp38-win_amd64.whl", hash = "sha256:82e335774a17870bc038e0c2fb106c1e5e7ad0c764662023886dfcfce5bb5a52"},
    {file = "pycairo-1.23.0-cp39-cp39-win32.whl", hash = "sha256:a4b1f525bbdf637c40f4d91378de36c01ec2b7f8ecc585b700a079b9ff83298e"},
    {file = "pycairo-1.23.0-cp39-cp39-win_amd64.whl", hash = "sha256:87efd62a7b7afad9a0a420f05b6008742a6cfc59077697be65afe8dc73ae15ad"},
    {file = "pycairo-1.23.0.tar.gz", hash = "sha256:9b61ac818723adc04367301317eb2e814a83522f07bbd1f409af0dada463c44c"},
]

[[package]]
name = "pygobject"
version = "3.44.1"
description = "Python bindings for GObject Introspection"
category = "main"
optional = false
python-versions = ">=3.7, <4"
files = [
    {file = "PyGObject-3.44.1.tar.gz", hash = "sha256:665fbe980c91e8b31ad78ed3f66879946948200864002d193f67eccc1d7d5d83"},
]

[package.dependencies]
pycairo = ">=1.16,<2.0"

[[package]]
name = "pygobject-stubs"
version = "1.0.0"
description = "Typing stubs for PyGobject"
category = "dev"
optional = false
python-versions = "*"
files = [
    {file = "PyGObject-stubs-1.0.0.tar.gz", hash = "sha256:417f66e864ba05b19f98da34f124545c4d81e4132908603ccdd1aef926a4f947"},
    {file = "PyGObject_stubs-1.0.0-py3-none-any.whl", hash = "sha256:ac7862fa455376ea394b206db5d4810ff812a6ae7866ccc75948a9460945eeae"},
]

[package.extras]
all = ["PyGObject", "flake8", "flake8-pyi", "mypy"]
dev = ["flake8", "flake8-pyi", "mypy"]
generate = ["PyGObject"]

[[package]]
name = "python-dateutil"
version = "2.8.2"
description = "Extensions to the standard Python datetime module"
category = "main"
optional = false
python-versions = "!=3.0.*,!=3.1.*,!=3.2.*,>=2.7"
files = [
    {file = "python-dateutil-2.8.2.tar.gz", hash = "sha256:0123cacc1627ae19ddf3c27a5de5bd67ee4586fbdd6440d9748f8abb483d3e86"},
    {file = "python_dateutil-2.8.2-py2.py3-none-any.whl", hash = "sha256:961d03dc3453ebbc59dbdea9e4e11c5651520a876d0f4db161e8674aae935da9"},
]

[package.dependencies]
six = ">=1.5"

[[package]]
name = "sdbus"
version = "0.10.2.1"
description = "Modern Python D-Bus library. Based on sd-bus from libsystemd."
category = "main"
optional = false
python-versions = ">=3.7"
files = [
    {file = "sdbus-0.10.2.1-cp37-abi3-manylinux_2_17_aarch64.manylinux2014_aarch64.whl", hash = "sha256:96b585bd0ea9861098ec11bd24686ea80fb6d3cf72bb1b23a8aba3539183318b"},
    {file = "sdbus-0.10.2.1-cp37-abi3-manylinux_2_17_x86_64.manylinux2014_x86_64.whl", hash = "sha256:f72bd00b98c61b41f7bab7c9dffca140a2810e606c67c01fb98c4755abd0d8fe"},
]

[[package]]
name = "six"
version = "1.16.0"
description = "Python 2 and 3 compatibility utilities"
category = "main"
optional = false
python-versions = ">=2.7, !=3.0.*, !=3.1.*, !=3.2.*"
files = [
    {file = "six-1.16.0-py2.py3-none-any.whl", hash = "sha256:8abb2f1d86890a2dfb989f9a77cfcfd3e47c2a354b01111771326f8aa26e0254"},
    {file = "six-1.16.0.tar.gz", hash = "sha256:1e61c37477a1626458e36f7b1d82aa5c9b094fa4802892072e49de9c60c4c926"},
]

[[package]]
name = "taskipy"
version = "1.10.4"
description = "tasks runner for python projects"
category = "dev"
optional = false
python-versions = ">=3.6,<4.0"
files = [
    {file = "taskipy-1.10.4-py3-none-any.whl", hash = "sha256:b96245d7f2956d36821435acaa822143ef6d2ff6cfecc48cf0a48c4b95456c14"},
    {file = "taskipy-1.10.4.tar.gz", hash = "sha256:0006429f708f530fc7add28ca51fd41f6c6e1fbe86763ff05125e1af3e8bdc7e"},
]

[package.dependencies]
colorama = ">=0.4.4,<0.5.0"
mslex = {version = ">=0.3.0,<0.4.0", markers = "sys_platform == \"win32\""}
psutil = ">=5.7.2,<6.0.0"
tomli = {version = ">=2.0.1,<3.0.0", markers = "python_version >= \"3.7\" and python_version < \"4.0\""}

[[package]]
name = "tomli"
version = "2.0.1"
description = "A lil' TOML parser"
category = "dev"
optional = false
python-versions = ">=3.7"
files = [
    {file = "tomli-2.0.1-py3-none-any.whl", hash = "sha256:939de3e7a6161af0c887ef91b7d41a53e7c5a1ca976325f429cb46ea9bc30ecc"},
    {file = "tomli-2.0.1.tar.gz", hash = "sha256:de526c12914f0c550d15924c62d72abc48d6fe7364aa87328337a31007fe8a4f"},
]

[[package]]
name = "win32-setctime"
version = "1.1.0"
description = "A small Python utility to set file creation time on Windows"
category = "main"
optional = false
python-versions = ">=3.5"
files = [
    {file = "win32_setctime-1.1.0-py3-none-any.whl", hash = "sha256:231db239e959c2fe7eb1d7dc129f11172354f98361c4fa2d6d2d7e278baa8aad"},
    {file = "win32_setctime-1.1.0.tar.gz", hash = "sha256:15cf5750465118d6929ae4de4eb46e8edae9a5634350c01ba582df868e932cb2"},
]

[package.extras]
dev = ["black (>=19.3b0)", "pytest (>=4.6.2)"]

[metadata]
lock-version = "2.0"
python-versions = "^3.10"
content-hash = "cb293e696617dcae748be169acc3e246b2838181a2d4eb9d825325cf2dfb2f32"
